// !$*UTF8*$!
{
	archiveVersion = 1;
	classes = {
	};
	objectVersion = 55;
	objects = {

/* Begin PBXBuildFile section */
		7A3DE4AF2883C59700D75531 /* ArticleDetailView.swift in Sources */ = {isa = PBXBuildFile; fileRef = 7A3DE4AE2883C59700D75531 /* ArticleDetailView.swift */; };
		7A3DE4B12883FA6D00D75531 /* LottieView.swift in Sources */ = {isa = PBXBuildFile; fileRef = 7A3DE4B02883FA6D00D75531 /* LottieView.swift */; };
		7A3DE4B42883FA9A00D75531 /* SplashScreenView.swift in Sources */ = {isa = PBXBuildFile; fileRef = 7A3DE4B32883FA9A00D75531 /* SplashScreenView.swift */; };
		7A3DE4B72883FCE600D75531 /* splash-screen-animation.json in Resources */ = {isa = PBXBuildFile; fileRef = 7A3DE4B62883FCE600D75531 /* splash-screen-animation.json */; };
		7A3DE4BB2884289A00D75531 /* CarouselCard.swift in Sources */ = {isa = PBXBuildFile; fileRef = 7A3DE4BA2884289A00D75531 /* CarouselCard.swift */; };
		7A3DE4BD28842A7000D75531 /* CategoryButton.swift in Sources */ = {isa = PBXBuildFile; fileRef = 7A3DE4BC28842A7000D75531 /* CategoryButton.swift */; };
		7A3DE4BF28842A9500D75531 /* NewsCard.swift in Sources */ = {isa = PBXBuildFile; fileRef = 7A3DE4BE28842A9500D75531 /* NewsCard.swift */; };
		7A3DE4C128842B2B00D75531 /* HomeAppBar.swift in Sources */ = {isa = PBXBuildFile; fileRef = 7A3DE4C028842B2B00D75531 /* HomeAppBar.swift */; };
		7A4C805A28827A7F000B42B5 /* NewsAppApp.swift in Sources */ = {isa = PBXBuildFile; fileRef = 7A4C805928827A7F000B42B5 /* NewsAppApp.swift */; };
		7A4C805E28827A81000B42B5 /* Assets.xcassets in Resources */ = {isa = PBXBuildFile; fileRef = 7A4C805D28827A81000B42B5 /* Assets.xcassets */; };
		7A4C806128827A81000B42B5 /* Preview Assets.xcassets in Resources */ = {isa = PBXBuildFile; fileRef = 7A4C806028827A81000B42B5 /* Preview Assets.xcassets */; };
		7A4C806B28827FE6000B42B5 /* LoginView.swift in Sources */ = {isa = PBXBuildFile; fileRef = 7A4C806A28827FE6000B42B5 /* LoginView.swift */; };
		7A4C806D28828082000B42B5 /* LoginViewModel.swift in Sources */ = {isa = PBXBuildFile; fileRef = 7A4C806C28828082000B42B5 /* LoginViewModel.swift */; };
		7A4C80722882834B000B42B5 /* MaterialTextField.swift in Sources */ = {isa = PBXBuildFile; fileRef = 7A4C80712882834B000B42B5 /* MaterialTextField.swift */; };
		7A4C80752882840B000B42B5 /* Color+Extension.swift in Sources */ = {isa = PBXBuildFile; fileRef = 7A4C80742882840B000B42B5 /* Color+Extension.swift */; };
		7A4C80772882865A000B42B5 /* String+Extention.swift in Sources */ = {isa = PBXBuildFile; fileRef = 7A4C80762882865A000B42B5 /* String+Extention.swift */; };
		7A4C807A28828BB1000B42B5 /* DataStore.swift in Sources */ = {isa = PBXBuildFile; fileRef = 7A4C807928828BB1000B42B5 /* DataStore.swift */; };
		7A4C807D28828CB7000B42B5 /* SignUpView.swift in Sources */ = {isa = PBXBuildFile; fileRef = 7A4C807C28828CB7000B42B5 /* SignUpView.swift */; };
		7A4C807F28828CD1000B42B5 /* SignUpViewModel.swift in Sources */ = {isa = PBXBuildFile; fileRef = 7A4C807E28828CD0000B42B5 /* SignUpViewModel.swift */; };
		7A4C808228829AD5000B42B5 /* HomeView.swift in Sources */ = {isa = PBXBuildFile; fileRef = 7A4C808128829AD5000B42B5 /* HomeView.swift */; };
		7A4C808428829ED5000B42B5 /* HomeViewModel.swift in Sources */ = {isa = PBXBuildFile; fileRef = 7A4C808328829ED5000B42B5 /* HomeViewModel.swift */; };
		7A4C808C2882A474000B42B5 /* Nunito-Light.ttf in Resources */ = {isa = PBXBuildFile; fileRef = 7A4C80862882A473000B42B5 /* Nunito-Light.ttf */; };
		7A4C808D2882A474000B42B5 /* Nunito-Black.ttf in Resources */ = {isa = PBXBuildFile; fileRef = 7A4C80872882A474000B42B5 /* Nunito-Black.ttf */; };
		7A4C808E2882A474000B42B5 /* Nunito-ExtraBold.ttf in Resources */ = {isa = PBXBuildFile; fileRef = 7A4C80882882A474000B42B5 /* Nunito-ExtraBold.ttf */; };
		7A4C808F2882A474000B42B5 /* Nunito-Regular.ttf in Resources */ = {isa = PBXBuildFile; fileRef = 7A4C80892882A474000B42B5 /* Nunito-Regular.ttf */; };
		7A4C80902882A474000B42B5 /* Nunito-Bold.ttf in Resources */ = {isa = PBXBuildFile; fileRef = 7A4C808A2882A474000B42B5 /* Nunito-Bold.ttf */; };
		7A4C80912882A474000B42B5 /* Nunito-SemiBold.ttf in Resources */ = {isa = PBXBuildFile; fileRef = 7A4C808B2882A474000B42B5 /* Nunito-SemiBold.ttf */; };
		7A4C80942882A778000B42B5 /* NewYorkSmall-Regular.ttf in Resources */ = {isa = PBXBuildFile; fileRef = 7A4C80922882A778000B42B5 /* NewYorkSmall-Regular.ttf */; };
		7A4C80952882A778000B42B5 /* NewYorkSmall-Semibold.ttf in Resources */ = {isa = PBXBuildFile; fileRef = 7A4C80932882A778000B42B5 /* NewYorkSmall-Semibold.ttf */; };
		7A4C80992882AE39000B42B5 /* ACarousel in Frameworks */ = {isa = PBXBuildFile; productRef = 7A4C80982882AE39000B42B5 /* ACarousel */; };
		7A4C809D2882BAFD000B42B5 /* Config.swift in Sources */ = {isa = PBXBuildFile; fileRef = 7A4C809C2882BAFD000B42B5 /* Config.swift */; };
		7A4C809F2882BB7E000B42B5 /* NetworkManager.swift in Sources */ = {isa = PBXBuildFile; fileRef = 7A4C809E2882BB7E000B42B5 /* NetworkManager.swift */; };
		7A4C80A22882BBEE000B42B5 /* Generic.swift in Sources */ = {isa = PBXBuildFile; fileRef = 7A4C80A12882BBED000B42B5 /* Generic.swift */; };
		7A4C80A42882BD5B000B42B5 /* Article.swift in Sources */ = {isa = PBXBuildFile; fileRef = 7A4C80A32882BD5A000B42B5 /* Article.swift */; };
		7A4C80A62882BD8D000B42B5 /* ArticleAPI.swift in Sources */ = {isa = PBXBuildFile; fileRef = 7A4C80A52882BD8D000B42B5 /* ArticleAPI.swift */; };
		7A4C80A92882F418000B42B5 /* SearchView.swift in Sources */ = {isa = PBXBuildFile; fileRef = 7A4C80A82882F418000B42B5 /* SearchView.swift */; };
		7A4C80AB2882F429000B42B5 /* SearchViewModel.swift in Sources */ = {isa = PBXBuildFile; fileRef = 7A4C80AA2882F429000B42B5 /* SearchViewModel.swift */; };
		7A4C80AE2882FABA000B42B5 /* Introspect in Frameworks */ = {isa = PBXBuildFile; productRef = 7A4C80AD2882FABA000B42B5 /* Introspect */; };
		7A4C80B1288312BF000B42B5 /* FiltersView.swift in Sources */ = {isa = PBXBuildFile; fileRef = 7A4C80B0288312BF000B42B5 /* FiltersView.swift */; };
		7A4C80B42883134F000B42B5 /* DropDown.swift in Sources */ = {isa = PBXBuildFile; fileRef = 7A4C80B32883134F000B42B5 /* DropDown.swift */; };
		7A4C80B728831734000B42B5 /* WrappingHStack in Frameworks */ = {isa = PBXBuildFile; productRef = 7A4C80B628831734000B42B5 /* WrappingHStack */; };
		7A4C80B92883197F000B42B5 /* FiltersViewModel.swift in Sources */ = {isa = PBXBuildFile; fileRef = 7A4C80B82883197F000B42B5 /* FiltersViewModel.swift */; };
		7A8F993228833EF400243655 /* AllNewsView.swift in Sources */ = {isa = PBXBuildFile; fileRef = 7A8F993128833EF400243655 /* AllNewsView.swift */; };
		7A8F99342883415300243655 /* AllNewsViewModel.swift in Sources */ = {isa = PBXBuildFile; fileRef = 7A8F99332883415300243655 /* AllNewsViewModel.swift */; };
		8E5603BDE7174A5735728821 /* Pods_NewsApp.framework in Frameworks */ = {isa = PBXBuildFile; fileRef = B8A5167E53CEA60E848510CB /* Pods_NewsApp.framework */; };
/* End PBXBuildFile section */

/* Begin PBXFileReference section */
		7A3DE4AE2883C59700D75531 /* ArticleDetailView.swift */ = {isa = PBXFileReference; lastKnownFileType = sourcecode.swift; path = ArticleDetailView.swift; sourceTree = "<group>"; };
		7A3DE4B02883FA6D00D75531 /* LottieView.swift */ = {isa = PBXFileReference; lastKnownFileType = sourcecode.swift; path = LottieView.swift; sourceTree = "<group>"; };
		7A3DE4B32883FA9A00D75531 /* SplashScreenView.swift */ = {isa = PBXFileReference; lastKnownFileType = sourcecode.swift; path = SplashScreenView.swift; sourceTree = "<group>"; };
		7A3DE4B62883FCE600D75531 /* splash-screen-animation.json */ = {isa = PBXFileReference; fileEncoding = 4; lastKnownFileType = text.json; path = "splash-screen-animation.json"; sourceTree = "<group>"; };
		7A3DE4B82884068000D75531 /* README.md */ = {isa = PBXFileReference; lastKnownFileType = net.daringfireball.markdown; path = README.md; sourceTree = "<group>"; };
		7A3DE4BA2884289A00D75531 /* CarouselCard.swift */ = {isa = PBXFileReference; lastKnownFileType = sourcecode.swift; path = CarouselCard.swift; sourceTree = "<group>"; };
		7A3DE4BC28842A7000D75531 /* CategoryButton.swift */ = {isa = PBXFileReference; lastKnownFileType = sourcecode.swift; path = CategoryButton.swift; sourceTree = "<group>"; };
		7A3DE4BE28842A9500D75531 /* NewsCard.swift */ = {isa = PBXFileReference; lastKnownFileType = sourcecode.swift; path = NewsCard.swift; sourceTree = "<group>"; };
		7A3DE4C028842B2B00D75531 /* HomeAppBar.swift */ = {isa = PBXFileReference; lastKnownFileType = sourcecode.swift; path = HomeAppBar.swift; sourceTree = "<group>"; };
		7A4C805628827A7F000B42B5 /* NewsApp.app */ = {isa = PBXFileReference; explicitFileType = wrapper.application; includeInIndex = 0; path = NewsApp.app; sourceTree = BUILT_PRODUCTS_DIR; };
		7A4C805928827A7F000B42B5 /* NewsAppApp.swift */ = {isa = PBXFileReference; lastKnownFileType = sourcecode.swift; path = NewsAppApp.swift; sourceTree = "<group>"; };
		7A4C805D28827A81000B42B5 /* Assets.xcassets */ = {isa = PBXFileReference; lastKnownFileType = folder.assetcatalog; path = Assets.xcassets; sourceTree = "<group>"; };
		7A4C806028827A81000B42B5 /* Preview Assets.xcassets */ = {isa = PBXFileReference; lastKnownFileType = folder.assetcatalog; path = "Preview Assets.xcassets"; sourceTree = "<group>"; };
		7A4C806A28827FE6000B42B5 /* LoginView.swift */ = {isa = PBXFileReference; lastKnownFileType = sourcecode.swift; path = LoginView.swift; sourceTree = "<group>"; };
		7A4C806C28828082000B42B5 /* LoginViewModel.swift */ = {isa = PBXFileReference; lastKnownFileType = sourcecode.swift; path = LoginViewModel.swift; sourceTree = "<group>"; };
		7A4C80712882834B000B42B5 /* MaterialTextField.swift */ = {isa = PBXFileReference; lastKnownFileType = sourcecode.swift; path = MaterialTextField.swift; sourceTree = "<group>"; };
		7A4C80742882840B000B42B5 /* Color+Extension.swift */ = {isa = PBXFileReference; lastKnownFileType = sourcecode.swift; path = "Color+Extension.swift"; sourceTree = "<group>"; };
		7A4C80762882865A000B42B5 /* String+Extention.swift */ = {isa = PBXFileReference; lastKnownFileType = sourcecode.swift; path = "String+Extention.swift"; sourceTree = "<group>"; };
		7A4C807928828BB1000B42B5 /* DataStore.swift */ = {isa = PBXFileReference; lastKnownFileType = sourcecode.swift; path = DataStore.swift; sourceTree = "<group>"; };
		7A4C807C28828CB7000B42B5 /* SignUpView.swift */ = {isa = PBXFileReference; lastKnownFileType = sourcecode.swift; path = SignUpView.swift; sourceTree = "<group>"; };
		7A4C807E28828CD0000B42B5 /* SignUpViewModel.swift */ = {isa = PBXFileReference; lastKnownFileType = sourcecode.swift; path = SignUpViewModel.swift; sourceTree = "<group>"; };
		7A4C808128829AD5000B42B5 /* HomeView.swift */ = {isa = PBXFileReference; lastKnownFileType = sourcecode.swift; path = HomeView.swift; sourceTree = "<group>"; };
		7A4C808328829ED5000B42B5 /* HomeViewModel.swift */ = {isa = PBXFileReference; lastKnownFileType = sourcecode.swift; path = HomeViewModel.swift; sourceTree = "<group>"; };
		7A4C80862882A473000B42B5 /* Nunito-Light.ttf */ = {isa = PBXFileReference; lastKnownFileType = file; path = "Nunito-Light.ttf"; sourceTree = "<group>"; };
		7A4C80872882A474000B42B5 /* Nunito-Black.ttf */ = {isa = PBXFileReference; lastKnownFileType = file; path = "Nunito-Black.ttf"; sourceTree = "<group>"; };
		7A4C80882882A474000B42B5 /* Nunito-ExtraBold.ttf */ = {isa = PBXFileReference; lastKnownFileType = file; path = "Nunito-ExtraBold.ttf"; sourceTree = "<group>"; };
		7A4C80892882A474000B42B5 /* Nunito-Regular.ttf */ = {isa = PBXFileReference; lastKnownFileType = file; path = "Nunito-Regular.ttf"; sourceTree = "<group>"; };
		7A4C808A2882A474000B42B5 /* Nunito-Bold.ttf */ = {isa = PBXFileReference; lastKnownFileType = file; path = "Nunito-Bold.ttf"; sourceTree = "<group>"; };
		7A4C808B2882A474000B42B5 /* Nunito-SemiBold.ttf */ = {isa = PBXFileReference; lastKnownFileType = file; path = "Nunito-SemiBold.ttf"; sourceTree = "<group>"; };
		7A4C80922882A778000B42B5 /* NewYorkSmall-Regular.ttf */ = {isa = PBXFileReference; lastKnownFileType = file; path = "NewYorkSmall-Regular.ttf"; sourceTree = "<group>"; };
		7A4C80932882A778000B42B5 /* NewYorkSmall-Semibold.ttf */ = {isa = PBXFileReference; lastKnownFileType = file; path = "NewYorkSmall-Semibold.ttf"; sourceTree = "<group>"; };
		7A4C80962882A7A0000B42B5 /* Info.plist */ = {isa = PBXFileReference; lastKnownFileType = text.plist; path = Info.plist; sourceTree = "<group>"; };
		7A4C809C2882BAFD000B42B5 /* Config.swift */ = {isa = PBXFileReference; lastKnownFileType = sourcecode.swift; path = Config.swift; sourceTree = "<group>"; };
		7A4C809E2882BB7E000B42B5 /* NetworkManager.swift */ = {isa = PBXFileReference; lastKnownFileType = sourcecode.swift; path = NetworkManager.swift; sourceTree = "<group>"; };
		7A4C80A12882BBED000B42B5 /* Generic.swift */ = {isa = PBXFileReference; lastKnownFileType = sourcecode.swift; path = Generic.swift; sourceTree = "<group>"; };
		7A4C80A32882BD5A000B42B5 /* Article.swift */ = {isa = PBXFileReference; lastKnownFileType = sourcecode.swift; path = Article.swift; sourceTree = "<group>"; };
		7A4C80A52882BD8D000B42B5 /* ArticleAPI.swift */ = {isa = PBXFileReference; lastKnownFileType = sourcecode.swift; path = ArticleAPI.swift; sourceTree = "<group>"; };
		7A4C80A82882F418000B42B5 /* SearchView.swift */ = {isa = PBXFileReference; lastKnownFileType = sourcecode.swift; path = SearchView.swift; sourceTree = "<group>"; };
		7A4C80AA2882F429000B42B5 /* SearchViewModel.swift */ = {isa = PBXFileReference; lastKnownFileType = sourcecode.swift; path = SearchViewModel.swift; sourceTree = "<group>"; };
		7A4C80B0288312BF000B42B5 /* FiltersView.swift */ = {isa = PBXFileReference; lastKnownFileType = sourcecode.swift; path = FiltersView.swift; sourceTree = "<group>"; };
		7A4C80B32883134F000B42B5 /* DropDown.swift */ = {isa = PBXFileReference; lastKnownFileType = sourcecode.swift; path = DropDown.swift; sourceTree = "<group>"; };
		7A4C80B82883197F000B42B5 /* FiltersViewModel.swift */ = {isa = PBXFileReference; lastKnownFileType = sourcecode.swift; path = FiltersViewModel.swift; sourceTree = "<group>"; };
		7A8F993128833EF400243655 /* AllNewsView.swift */ = {isa = PBXFileReference; lastKnownFileType = sourcecode.swift; path = AllNewsView.swift; sourceTree = "<group>"; };
		7A8F99332883415300243655 /* AllNewsViewModel.swift */ = {isa = PBXFileReference; lastKnownFileType = sourcecode.swift; path = AllNewsViewModel.swift; sourceTree = "<group>"; };
		B64A618294090210B44882F7 /* Pods-NewsApp.debug.xcconfig */ = {isa = PBXFileReference; includeInIndex = 1; lastKnownFileType = text.xcconfig; name = "Pods-NewsApp.debug.xcconfig"; path = "Target Support Files/Pods-NewsApp/Pods-NewsApp.debug.xcconfig"; sourceTree = "<group>"; };
		B8A5167E53CEA60E848510CB /* Pods_NewsApp.framework */ = {isa = PBXFileReference; explicitFileType = wrapper.framework; includeInIndex = 0; path = Pods_NewsApp.framework; sourceTree = BUILT_PRODUCTS_DIR; };
		CF10731028ADF54904119966 /* Pods-NewsApp.release.xcconfig */ = {isa = PBXFileReference; includeInIndex = 1; lastKnownFileType = text.xcconfig; name = "Pods-NewsApp.release.xcconfig"; path = "Target Support Files/Pods-NewsApp/Pods-NewsApp.release.xcconfig"; sourceTree = "<group>"; };
/* End PBXFileReference section */

/* Begin PBXFrameworksBuildPhase section */
		7A4C805328827A7F000B42B5 /* Frameworks */ = {
			isa = PBXFrameworksBuildPhase;
			buildActionMask = 2147483647;
			files = (
				7A4C80B728831734000B42B5 /* WrappingHStack in Frameworks */,
				7A4C80992882AE39000B42B5 /* ACarousel in Frameworks */,
				7A4C80AE2882FABA000B42B5 /* Introspect in Frameworks */,
				8E5603BDE7174A5735728821 /* Pods_NewsApp.framework in Frameworks */,
			);
			runOnlyForDeploymentPostprocessing = 0;
		};
/* End PBXFrameworksBuildPhase section */

/* Begin PBXGroup section */
		3FF1140995E063AB573DEE98 /* Frameworks */ = {
			isa = PBXGroup;
			children = (
				B8A5167E53CEA60E848510CB /* Pods_NewsApp.framework */,
			);
			name = Frameworks;
			sourceTree = "<group>";
		};
		7A3DE4AD2883C57E00D75531 /* ArticleDetail */ = {
			isa = PBXGroup;
			children = (
				7A3DE4AE2883C59700D75531 /* ArticleDetailView.swift */,
			);
			path = ArticleDetail;
			sourceTree = "<group>";
		};
		7A3DE4B22883FA8300D75531 /* SplashScreen */ = {
			isa = PBXGroup;
			children = (
				7A3DE4B32883FA9A00D75531 /* SplashScreenView.swift */,
			);
			path = SplashScreen;
			sourceTree = "<group>";
		};
		7A3DE4B52883FCC000D75531 /* Resources */ = {
			isa = PBXGroup;
			children = (
				7A3DE4B62883FCE600D75531 /* splash-screen-animation.json */,
			);
			path = Resources;
			sourceTree = "<group>";
		};
		7A3DE4B92884288100D75531 /* Components */ = {
			isa = PBXGroup;
			children = (
				7A3DE4BA2884289A00D75531 /* CarouselCard.swift */,
				7A3DE4BC28842A7000D75531 /* CategoryButton.swift */,
				7A3DE4BE28842A9500D75531 /* NewsCard.swift */,
				7A3DE4C028842B2B00D75531 /* HomeAppBar.swift */,
			);
			path = Components;
			sourceTree = "<group>";
		};
		7A4C804D28827A7F000B42B5 = {
			isa = PBXGroup;
			children = (
				7A3DE4B82884068000D75531 /* README.md */,
				7A4C805828827A7F000B42B5 /* NewsApp */,
				7A4C805728827A7F000B42B5 /* Products */,
				C67A2A293E09E8E53CCCA745 /* Pods */,
				3FF1140995E063AB573DEE98 /* Frameworks */,
			);
			sourceTree = "<group>";
		};
		7A4C805728827A7F000B42B5 /* Products */ = {
			isa = PBXGroup;
			children = (
				7A4C805628827A7F000B42B5 /* NewsApp.app */,
			);
			name = Products;
			sourceTree = "<group>";
		};
		7A4C805828827A7F000B42B5 /* NewsApp */ = {
			isa = PBXGroup;
			children = (
				7A3DE4B52883FCC000D75531 /* Resources */,
				7A4C809B2882BAEB000B42B5 /* Network */,
				7A4C809A2882BA98000B42B5 /* API */,
				7A4C80962882A7A0000B42B5 /* Info.plist */,
				7A4C80852882A3D9000B42B5 /* Fonts */,
				7A4C807828828BA0000B42B5 /* Data */,
				7A4C8073288283EB000B42B5 /* Extensions */,
				7A4C806E288282F7000B42B5 /* Components */,
				7A4C806828827FA7000B42B5 /* Views */,
				7A4C806728827D22000B42B5 /* Application */,
				7A4C805D28827A81000B42B5 /* Assets.xcassets */,
				7A4C805F28827A81000B42B5 /* Preview Content */,
			);
			path = NewsApp;
			sourceTree = "<group>";
		};
		7A4C805F28827A81000B42B5 /* Preview Content */ = {
			isa = PBXGroup;
			children = (
				7A4C806028827A81000B42B5 /* Preview Assets.xcassets */,
			);
			path = "Preview Content";
			sourceTree = "<group>";
		};
		7A4C806728827D22000B42B5 /* Application */ = {
			isa = PBXGroup;
			children = (
				7A4C805928827A7F000B42B5 /* NewsAppApp.swift */,
			);
			path = Application;
			sourceTree = "<group>";
		};
		7A4C806828827FA7000B42B5 /* Views */ = {
			isa = PBXGroup;
			children = (
				7A3DE4B22883FA8300D75531 /* SplashScreen */,
				7A3DE4AD2883C57E00D75531 /* ArticleDetail */,
				7A8F993028833EDD00243655 /* AllNews */,
				7A4C80AF288312A6000B42B5 /* Filters */,
				7A4C80A72882F3FD000B42B5 /* Search */,
				7A4C808028829A06000B42B5 /* Home */,
				7A4C807B28828C86000B42B5 /* SignUp */,
				7A4C806928827FAF000B42B5 /* Login */,
			);
			path = Views;
			sourceTree = "<group>";
		};
		7A4C806928827FAF000B42B5 /* Login */ = {
			isa = PBXGroup;
			children = (
				7A4C806A28827FE6000B42B5 /* LoginView.swift */,
				7A4C806C28828082000B42B5 /* LoginViewModel.swift */,
			);
			path = Login;
			sourceTree = "<group>";
		};
		7A4C806E288282F7000B42B5 /* Components */ = {
			isa = PBXGroup;
			children = (
				7A4C80712882834B000B42B5 /* MaterialTextField.swift */,
				7A3DE4B02883FA6D00D75531 /* LottieView.swift */,
			);
			path = Components;
			sourceTree = "<group>";
		};
		7A4C8073288283EB000B42B5 /* Extensions */ = {
			isa = PBXGroup;
			children = (
				7A4C80742882840B000B42B5 /* Color+Extension.swift */,
				7A4C80762882865A000B42B5 /* String+Extention.swift */,
			);
			path = Extensions;
			sourceTree = "<group>";
		};
		7A4C807828828BA0000B42B5 /* Data */ = {
			isa = PBXGroup;
			children = (
				7A4C807928828BB1000B42B5 /* DataStore.swift */,
			);
			path = Data;
			sourceTree = "<group>";
		};
		7A4C807B28828C86000B42B5 /* SignUp */ = {
			isa = PBXGroup;
			children = (
				7A4C807C28828CB7000B42B5 /* SignUpView.swift */,
				7A4C807E28828CD0000B42B5 /* SignUpViewModel.swift */,
			);
			path = SignUp;
			sourceTree = "<group>";
		};
		7A4C808028829A06000B42B5 /* Home */ = {
			isa = PBXGroup;
			children = (
				7A3DE4B92884288100D75531 /* Components */,
				7A4C808128829AD5000B42B5 /* HomeView.swift */,
				7A4C808328829ED5000B42B5 /* HomeViewModel.swift */,
			);
			path = Home;
			sourceTree = "<group>";
		};
		7A4C80852882A3D9000B42B5 /* Fonts */ = {
			isa = PBXGroup;
			children = (
				7A4C80872882A474000B42B5 /* Nunito-Black.ttf */,
				7A4C808A2882A474000B42B5 /* Nunito-Bold.ttf */,
				7A4C80882882A474000B42B5 /* Nunito-ExtraBold.ttf */,
				7A4C80862882A473000B42B5 /* Nunito-Light.ttf */,
				7A4C80892882A474000B42B5 /* Nunito-Regular.ttf */,
				7A4C808B2882A474000B42B5 /* Nunito-SemiBold.ttf */,
				7A4C80922882A778000B42B5 /* NewYorkSmall-Regular.ttf */,
				7A4C80932882A778000B42B5 /* NewYorkSmall-Semibold.ttf */,
			);
			path = Fonts;
			sourceTree = "<group>";
		};
		7A4C809A2882BA98000B42B5 /* API */ = {
			isa = PBXGroup;
			children = (
				7A4C80A52882BD8D000B42B5 /* ArticleAPI.swift */,
			);
			path = API;
			sourceTree = "<group>";
		};
		7A4C809B2882BAEB000B42B5 /* Network */ = {
			isa = PBXGroup;
			children = (
				7A4C80A02882BBD3000B42B5 /* Responses */,
				7A4C809C2882BAFD000B42B5 /* Config.swift */,
				7A4C809E2882BB7E000B42B5 /* NetworkManager.swift */,
			);
			path = Network;
			sourceTree = "<group>";
		};
		7A4C80A02882BBD3000B42B5 /* Responses */ = {
			isa = PBXGroup;
			children = (
				7A4C80A12882BBED000B42B5 /* Generic.swift */,
				7A4C80A32882BD5A000B42B5 /* Article.swift */,
			);
			path = Responses;
			sourceTree = "<group>";
		};
		7A4C80A72882F3FD000B42B5 /* Search */ = {
			isa = PBXGroup;
			children = (
				7A4C80A82882F418000B42B5 /* SearchView.swift */,
				7A4C80AA2882F429000B42B5 /* SearchViewModel.swift */,
			);
			path = Search;
			sourceTree = "<group>";
		};
		7A4C80AF288312A6000B42B5 /* Filters */ = {
			isa = PBXGroup;
			children = (
				7A4C80B228831335000B42B5 /* Components */,
				7A4C80B0288312BF000B42B5 /* FiltersView.swift */,
				7A4C80B82883197F000B42B5 /* FiltersViewModel.swift */,
			);
			path = Filters;
			sourceTree = "<group>";
		};
		7A4C80B228831335000B42B5 /* Components */ = {
			isa = PBXGroup;
			children = (
				7A4C80B32883134F000B42B5 /* DropDown.swift */,
			);
			path = Components;
			sourceTree = "<group>";
		};
		7A8F993028833EDD00243655 /* AllNews */ = {
			isa = PBXGroup;
			children = (
				7A8F993128833EF400243655 /* AllNewsView.swift */,
				7A8F99332883415300243655 /* AllNewsViewModel.swift */,
			);
			path = AllNews;
			sourceTree = "<group>";
		};
		C67A2A293E09E8E53CCCA745 /* Pods */ = {
			isa = PBXGroup;
			children = (
				B64A618294090210B44882F7 /* Pods-NewsApp.debug.xcconfig */,
				CF10731028ADF54904119966 /* Pods-NewsApp.release.xcconfig */,
			);
			path = Pods;
			sourceTree = "<group>";
		};
/* End PBXGroup section */

/* Begin PBXNativeTarget section */
		7A4C805528827A7F000B42B5 /* NewsApp */ = {
			isa = PBXNativeTarget;
			buildConfigurationList = 7A4C806428827A81000B42B5 /* Build configuration list for PBXNativeTarget "NewsApp" */;
			buildPhases = (
				A39B187A1F997D0A2A5794B2 /* [CP] Check Pods Manifest.lock */,
				7A4C805228827A7F000B42B5 /* Sources */,
				7A4C805328827A7F000B42B5 /* Frameworks */,
				7A4C805428827A7F000B42B5 /* Resources */,
				76842CD97305C1462AFCAA79 /* [CP] Embed Pods Frameworks */,
			);
			buildRules = (
			);
			dependencies = (
			);
			name = NewsApp;
			packageProductDependencies = (
				7A4C80982882AE39000B42B5 /* ACarousel */,
				7A4C80AD2882FABA000B42B5 /* Introspect */,
				7A4C80B628831734000B42B5 /* WrappingHStack */,
			);
			productName = NewsApp;
			productReference = 7A4C805628827A7F000B42B5 /* NewsApp.app */;
			productType = "com.apple.product-type.application";
		};
/* End PBXNativeTarget section */

/* Begin PBXProject section */
		7A4C804E28827A7F000B42B5 /* Project object */ = {
			isa = PBXProject;
			attributes = {
				BuildIndependentTargetsInParallel = 1;
				LastSwiftUpdateCheck = 1330;
				LastUpgradeCheck = 1330;
				TargetAttributes = {
					7A4C805528827A7F000B42B5 = {
						CreatedOnToolsVersion = 13.3;
					};
				};
			};
			buildConfigurationList = 7A4C805128827A7F000B42B5 /* Build configuration list for PBXProject "NewsApp" */;
			compatibilityVersion = "Xcode 13.0";
			developmentRegion = en;
			hasScannedForEncodings = 0;
			knownRegions = (
				en,
				Base,
			);
			mainGroup = 7A4C804D28827A7F000B42B5;
			packageReferences = (
				7A4C80972882AE39000B42B5 /* XCRemoteSwiftPackageReference "ACarousel" */,
				7A4C80AC2882FABA000B42B5 /* XCRemoteSwiftPackageReference "SwiftUI-Introspect" */,
				7A4C80B528831734000B42B5 /* XCRemoteSwiftPackageReference "WrappingHStack" */,
			);
			productRefGroup = 7A4C805728827A7F000B42B5 /* Products */;
			projectDirPath = "";
			projectRoot = "";
			targets = (
				7A4C805528827A7F000B42B5 /* NewsApp */,
			);
		};
/* End PBXProject section */

/* Begin PBXResourcesBuildPhase section */
		7A4C805428827A7F000B42B5 /* Resources */ = {
			isa = PBXResourcesBuildPhase;
			buildActionMask = 2147483647;
			files = (
				7A4C80912882A474000B42B5 /* Nunito-SemiBold.ttf in Resources */,
				7A4C80902882A474000B42B5 /* Nunito-Bold.ttf in Resources */,
				7A4C808F2882A474000B42B5 /* Nunito-Regular.ttf in Resources */,
				7A4C80952882A778000B42B5 /* NewYorkSmall-Semibold.ttf in Resources */,
				7A4C806128827A81000B42B5 /* Preview Assets.xcassets in Resources */,
				7A4C80942882A778000B42B5 /* NewYorkSmall-Regular.ttf in Resources */,
				7A4C805E28827A81000B42B5 /* Assets.xcassets in Resources */,
				7A4C808E2882A474000B42B5 /* Nunito-ExtraBold.ttf in Resources */,
				7A4C808C2882A474000B42B5 /* Nunito-Light.ttf in Resources */,
				7A3DE4B72883FCE600D75531 /* splash-screen-animation.json in Resources */,
				7A4C808D2882A474000B42B5 /* Nunito-Black.ttf in Resources */,
			);
			runOnlyForDeploymentPostprocessing = 0;
		};
/* End PBXResourcesBuildPhase section */

/* Begin PBXShellScriptBuildPhase section */
		76842CD97305C1462AFCAA79 /* [CP] Embed Pods Frameworks */ = {
			isa = PBXShellScriptBuildPhase;
			buildActionMask = 2147483647;
			files = (
			);
			inputFileListPaths = (
				"${PODS_ROOT}/Target Support Files/Pods-NewsApp/Pods-NewsApp-frameworks-${CONFIGURATION}-input-files.xcfilelist",
			);
			name = "[CP] Embed Pods Frameworks";
			outputFileListPaths = (
				"${PODS_ROOT}/Target Support Files/Pods-NewsApp/Pods-NewsApp-frameworks-${CONFIGURATION}-output-files.xcfilelist",
			);
			runOnlyForDeploymentPostprocessing = 0;
			shellPath = /bin/sh;
			shellScript = "\"${PODS_ROOT}/Target Support Files/Pods-NewsApp/Pods-NewsApp-frameworks.sh\"\n";
			showEnvVarsInLog = 0;
		};
		A39B187A1F997D0A2A5794B2 /* [CP] Check Pods Manifest.lock */ = {
			isa = PBXShellScriptBuildPhase;
			buildActionMask = 2147483647;
			files = (
			);
			inputFileListPaths = (
			);
			inputPaths = (
				"${PODS_PODFILE_DIR_PATH}/Podfile.lock",
				"${PODS_ROOT}/Manifest.lock",
			);
			name = "[CP] Check Pods Manifest.lock";
			outputFileListPaths = (
			);
			outputPaths = (
				"$(DERIVED_FILE_DIR)/Pods-NewsApp-checkManifestLockResult.txt",
			);
			runOnlyForDeploymentPostprocessing = 0;
			shellPath = /bin/sh;
			shellScript = "diff \"${PODS_PODFILE_DIR_PATH}/Podfile.lock\" \"${PODS_ROOT}/Manifest.lock\" > /dev/null\nif [ $? != 0 ] ; then\n    # print error to STDERR\n    echo \"error: The sandbox is not in sync with the Podfile.lock. Run 'pod install' or update your CocoaPods installation.\" >&2\n    exit 1\nfi\n# This output is used by Xcode 'outputs' to avoid re-running this script phase.\necho \"SUCCESS\" > \"${SCRIPT_OUTPUT_FILE_0}\"\n";
			showEnvVarsInLog = 0;
		};
/* End PBXShellScriptBuildPhase section */

/* Begin PBXSourcesBuildPhase section */
		7A4C805228827A7F000B42B5 /* Sources */ = {
			isa = PBXSourcesBuildPhase;
			buildActionMask = 2147483647;
			files = (
				7A4C807A28828BB1000B42B5 /* DataStore.swift in Sources */,
				7A3DE4B42883FA9A00D75531 /* SplashScreenView.swift in Sources */,
				7A4C808428829ED5000B42B5 /* HomeViewModel.swift in Sources */,
				7A3DE4B12883FA6D00D75531 /* LottieView.swift in Sources */,
				7A3DE4C128842B2B00D75531 /* HomeAppBar.swift in Sources */,
				7A4C806D28828082000B42B5 /* LoginViewModel.swift in Sources */,
				7A4C809F2882BB7E000B42B5 /* NetworkManager.swift in Sources */,
				7A4C80752882840B000B42B5 /* Color+Extension.swift in Sources */,
				7A4C808228829AD5000B42B5 /* HomeView.swift in Sources */,
				7A4C80AB2882F429000B42B5 /* SearchViewModel.swift in Sources */,
				7A4C80A92882F418000B42B5 /* SearchView.swift in Sources */,
				7A4C809D2882BAFD000B42B5 /* Config.swift in Sources */,
				7A4C806B28827FE6000B42B5 /* LoginView.swift in Sources */,
				7A4C80B42883134F000B42B5 /* DropDown.swift in Sources */,
				7A4C80B1288312BF000B42B5 /* FiltersView.swift in Sources */,
				7A3DE4AF2883C59700D75531 /* ArticleDetailView.swift in Sources */,
				7A4C807F28828CD1000B42B5 /* SignUpViewModel.swift in Sources */,
				7A4C80A62882BD8D000B42B5 /* ArticleAPI.swift in Sources */,
				7A4C80A22882BBEE000B42B5 /* Generic.swift in Sources */,
				7A4C807D28828CB7000B42B5 /* SignUpView.swift in Sources */,
				7A3DE4BB2884289A00D75531 /* CarouselCard.swift in Sources */,
				7A4C80B92883197F000B42B5 /* FiltersViewModel.swift in Sources */,
				7A8F993228833EF400243655 /* AllNewsView.swift in Sources */,
				7A8F99342883415300243655 /* AllNewsViewModel.swift in Sources */,
				7A4C80722882834B000B42B5 /* MaterialTextField.swift in Sources */,
				7A3DE4BF28842A9500D75531 /* NewsCard.swift in Sources */,
				7A4C80772882865A000B42B5 /* String+Extention.swift in Sources */,
				7A3DE4BD28842A7000D75531 /* CategoryButton.swift in Sources */,
				7A4C805A28827A7F000B42B5 /* NewsAppApp.swift in Sources */,
				7A4C80A42882BD5B000B42B5 /* Article.swift in Sources */,
			);
			runOnlyForDeploymentPostprocessing = 0;
		};
/* End PBXSourcesBuildPhase section */

/* Begin XCBuildConfiguration section */
		7A4C806228827A81000B42B5 /* Debug */ = {
			isa = XCBuildConfiguration;
			buildSettings = {
				ALWAYS_SEARCH_USER_PATHS = NO;
				CLANG_ANALYZER_NONNULL = YES;
				CLANG_ANALYZER_NUMBER_OBJECT_CONVERSION = YES_AGGRESSIVE;
				CLANG_CXX_LANGUAGE_STANDARD = "gnu++17";
				CLANG_ENABLE_MODULES = YES;
				CLANG_ENABLE_OBJC_ARC = YES;
				CLANG_ENABLE_OBJC_WEAK = YES;
				CLANG_WARN_BLOCK_CAPTURE_AUTORELEASING = YES;
				CLANG_WARN_BOOL_CONVERSION = YES;
				CLANG_WARN_COMMA = YES;
				CLANG_WARN_CONSTANT_CONVERSION = YES;
				CLANG_WARN_DEPRECATED_OBJC_IMPLEMENTATIONS = YES;
				CLANG_WARN_DIRECT_OBJC_ISA_USAGE = YES_ERROR;
				CLANG_WARN_DOCUMENTATION_COMMENTS = YES;
				CLANG_WARN_EMPTY_BODY = YES;
				CLANG_WARN_ENUM_CONVERSION = YES;
				CLANG_WARN_INFINITE_RECURSION = YES;
				CLANG_WARN_INT_CONVERSION = YES;
				CLANG_WARN_NON_LITERAL_NULL_CONVERSION = YES;
				CLANG_WARN_OBJC_IMPLICIT_RETAIN_SELF = YES;
				CLANG_WARN_OBJC_LITERAL_CONVERSION = YES;
				CLANG_WARN_OBJC_ROOT_CLASS = YES_ERROR;
				CLANG_WARN_QUOTED_INCLUDE_IN_FRAMEWORK_HEADER = YES;
				CLANG_WARN_RANGE_LOOP_ANALYSIS = YES;
				CLANG_WARN_STRICT_PROTOTYPES = YES;
				CLANG_WARN_SUSPICIOUS_MOVE = YES;
				CLANG_WARN_UNGUARDED_AVAILABILITY = YES_AGGRESSIVE;
				CLANG_WARN_UNREACHABLE_CODE = YES;
				CLANG_WARN__DUPLICATE_METHOD_MATCH = YES;
				COPY_PHASE_STRIP = NO;
				DEBUG_INFORMATION_FORMAT = dwarf;
				ENABLE_STRICT_OBJC_MSGSEND = YES;
				ENABLE_TESTABILITY = YES;
				GCC_C_LANGUAGE_STANDARD = gnu11;
				GCC_DYNAMIC_NO_PIC = NO;
				GCC_NO_COMMON_BLOCKS = YES;
				GCC_OPTIMIZATION_LEVEL = 0;
				GCC_PREPROCESSOR_DEFINITIONS = (
					"DEBUG=1",
					"$(inherited)",
				);
				GCC_WARN_64_TO_32_BIT_CONVERSION = YES;
				GCC_WARN_ABOUT_RETURN_TYPE = YES_ERROR;
				GCC_WARN_UNDECLARED_SELECTOR = YES;
				GCC_WARN_UNINITIALIZED_AUTOS = YES_AGGRESSIVE;
				GCC_WARN_UNUSED_FUNCTION = YES;
				GCC_WARN_UNUSED_VARIABLE = YES;
				IPHONEOS_DEPLOYMENT_TARGET = 15.4;
				MTL_ENABLE_DEBUG_INFO = INCLUDE_SOURCE;
				MTL_FAST_MATH = YES;
				ONLY_ACTIVE_ARCH = YES;
				SDKROOT = iphoneos;
				SWIFT_ACTIVE_COMPILATION_CONDITIONS = DEBUG;
				SWIFT_OPTIMIZATION_LEVEL = "-Onone";
			};
			name = Debug;
		};
		7A4C806328827A81000B42B5 /* Release */ = {
			isa = XCBuildConfiguration;
			buildSettings = {
				ALWAYS_SEARCH_USER_PATHS = NO;
				CLANG_ANALYZER_NONNULL = YES;
				CLANG_ANALYZER_NUMBER_OBJECT_CONVERSION = YES_AGGRESSIVE;
				CLANG_CXX_LANGUAGE_STANDARD = "gnu++17";
				CLANG_ENABLE_MODULES = YES;
				CLANG_ENABLE_OBJC_ARC = YES;
				CLANG_ENABLE_OBJC_WEAK = YES;
				CLANG_WARN_BLOCK_CAPTURE_AUTORELEASING = YES;
				CLANG_WARN_BOOL_CONVERSION = YES;
				CLANG_WARN_COMMA = YES;
				CLANG_WARN_CONSTANT_CONVERSION = YES;
				CLANG_WARN_DEPRECATED_OBJC_IMPLEMENTATIONS = YES;
				CLANG_WARN_DIRECT_OBJC_ISA_USAGE = YES_ERROR;
				CLANG_WARN_DOCUMENTATION_COMMENTS = YES;
				CLANG_WARN_EMPTY_BODY = YES;
				CLANG_WARN_ENUM_CONVERSION = YES;
				CLANG_WARN_INFINITE_RECURSION = YES;
				CLANG_WARN_INT_CONVERSION = YES;
				CLANG_WARN_NON_LITERAL_NULL_CONVERSION = YES;
				CLANG_WARN_OBJC_IMPLICIT_RETAIN_SELF = YES;
				CLANG_WARN_OBJC_LITERAL_CONVERSION = YES;
				CLANG_WARN_OBJC_ROOT_CLASS = YES_ERROR;
				CLANG_WARN_QUOTED_INCLUDE_IN_FRAMEWORK_HEADER = YES;
				CLANG_WARN_RANGE_LOOP_ANALYSIS = YES;
				CLANG_WARN_STRICT_PROTOTYPES = YES;
				CLANG_WARN_SUSPICIOUS_MOVE = YES;
				CLANG_WARN_UNGUARDED_AVAILABILITY = YES_AGGRESSIVE;
				CLANG_WARN_UNREACHABLE_CODE = YES;
				CLANG_WARN__DUPLICATE_METHOD_MATCH = YES;
				COPY_PHASE_STRIP = NO;
				DEBUG_INFORMATION_FORMAT = "dwarf-with-dsym";
				ENABLE_NS_ASSERTIONS = NO;
				ENABLE_STRICT_OBJC_MSGSEND = YES;
				GCC_C_LANGUAGE_STANDARD = gnu11;
				GCC_NO_COMMON_BLOCKS = YES;
				GCC_WARN_64_TO_32_BIT_CONVERSION = YES;
				GCC_WARN_ABOUT_RETURN_TYPE = YES_ERROR;
				GCC_WARN_UNDECLARED_SELECTOR = YES;
				GCC_WARN_UNINITIALIZED_AUTOS = YES_AGGRESSIVE;
				GCC_WARN_UNUSED_FUNCTION = YES;
				GCC_WARN_UNUSED_VARIABLE = YES;
				IPHONEOS_DEPLOYMENT_TARGET = 15.4;
				MTL_ENABLE_DEBUG_INFO = NO;
				MTL_FAST_MATH = YES;
				SDKROOT = iphoneos;
				SWIFT_COMPILATION_MODE = wholemodule;
				SWIFT_OPTIMIZATION_LEVEL = "-O";
				VALIDATE_PRODUCT = YES;
			};
			name = Release;
		};
		7A4C806528827A81000B42B5 /* Debug */ = {
			isa = XCBuildConfiguration;
			baseConfigurationReference = B64A618294090210B44882F7 /* Pods-NewsApp.debug.xcconfig */;
			buildSettings = {
				ASSETCATALOG_COMPILER_APPICON_NAME = AppIcon;
				ASSETCATALOG_COMPILER_GLOBAL_ACCENT_COLOR_NAME = AccentColor;
				CODE_SIGN_STYLE = Automatic;
				CURRENT_PROJECT_VERSION = 2;
				DEVELOPMENT_ASSET_PATHS = "\"NewsApp/Preview Content\"";
				DEVELOPMENT_TEAM = Z2D3W88VKU;
				ENABLE_PREVIEWS = YES;
				GENERATE_INFOPLIST_FILE = YES;
				INFOPLIST_FILE = NewsApp/Info.plist;
				INFOPLIST_KEY_CFBundleDisplayName = "K World";
				INFOPLIST_KEY_UIApplicationSceneManifest_Generation = YES;
				INFOPLIST_KEY_UIApplicationSupportsIndirectInputEvents = YES;
				INFOPLIST_KEY_UILaunchScreen_Generation = YES;
				INFOPLIST_KEY_UISupportedInterfaceOrientations_iPad = "UIInterfaceOrientationPortrait UIInterfaceOrientationPortraitUpsideDown UIInterfaceOrientationLandscapeLeft UIInterfaceOrientationLandscapeRight";
				INFOPLIST_KEY_UISupportedInterfaceOrientations_iPhone = "UIInterfaceOrientationPortrait UIInterfaceOrientationLandscapeLeft UIInterfaceOrientationLandscapeRight";
				IPHONEOS_DEPLOYMENT_TARGET = 15.0;
				LD_RUNPATH_SEARCH_PATHS = (
					"$(inherited)",
					"@executable_path/Frameworks",
				);
				MARKETING_VERSION = 1.0;
				PRODUCT_BUNDLE_IDENTIFIER = com.nagodavithana.NewsApp;
				PRODUCT_NAME = "$(TARGET_NAME)";
				SWIFT_EMIT_LOC_STRINGS = YES;
				SWIFT_VERSION = 5.0;
				TARGETED_DEVICE_FAMILY = 1;
			};
			name = Debug;
		};
		7A4C806628827A81000B42B5 /* Release */ = {
			isa = XCBuildConfiguration;
			baseConfigurationReference = CF10731028ADF54904119966 /* Pods-NewsApp.release.xcconfig */;
			buildSettings = {
				ASSETCATALOG_COMPILER_APPICON_NAME = AppIcon;
				ASSETCATALOG_COMPILER_GLOBAL_ACCENT_COLOR_NAME = AccentColor;
				CODE_SIGN_STYLE = Automatic;
				CURRENT_PROJECT_VERSION = 2;
				DEVELOPMENT_ASSET_PATHS = "\"NewsApp/Preview Content\"";
				DEVELOPMENT_TEAM = Z2D3W88VKU;
				ENABLE_PREVIEWS = YES;
				GENERATE_INFOPLIST_FILE = YES;
				INFOPLIST_FILE = NewsApp/Info.plist;
				INFOPLIST_KEY_CFBundleDisplayName = "K World";
				INFOPLIST_KEY_UIApplicationSceneManifest_Generation = YES;
				INFOPLIST_KEY_UIApplicationSupportsIndirectInputEvents = YES;
				INFOPLIST_KEY_UILaunchScreen_Generation = YES;
				INFOPLIST_KEY_UISupportedInterfaceOrientations_iPad = "UIInterfaceOrientationPortrait UIInterfaceOrientationPortraitUpsideDown UIInterfaceOrientationLandscapeLeft UIInterfaceOrientationLandscapeRight";
				INFOPLIST_KEY_UISupportedInterfaceOrientations_iPhone = "UIInterfaceOrientationPortrait UIInterfaceOrientationLandscapeLeft UIInterfaceOrientationLandscapeRight";
				IPHONEOS_DEPLOYMENT_TARGET = 15.0;
				LD_RUNPATH_SEARCH_PATHS = (
					"$(inherited)",
					"@executable_path/Frameworks",
				);
				MARKETING_VERSION = 1.0;
				PRODUCT_BUNDLE_IDENTIFIER = com.nagodavithana.NewsApp;
				PRODUCT_NAME = "$(TARGET_NAME)";
				SWIFT_EMIT_LOC_STRINGS = YES;
				SWIFT_VERSION = 5.0;
				TARGETED_DEVICE_FAMILY = 1;
			};
			name = Release;
		};
/* End XCBuildConfiguration section */

/* Begin XCConfigurationList section */
		7A4C805128827A7F000B42B5 /* Build configuration list for PBXProject "NewsApp" */ = {
			isa = XCConfigurationList;
			buildConfigurations = (
				7A4C806228827A81000B42B5 /* Debug */,
				7A4C806328827A81000B42B5 /* Release */,
			);
			defaultConfigurationIsVisible = 0;
			defaultConfigurationName = Release;
		};
		7A4C806428827A81000B42B5 /* Build configuration list for PBXNativeTarget "NewsApp" */ = {
			isa = XCConfigurationList;
			buildConfigurations = (
				7A4C806528827A81000B42B5 /* Debug */,
				7A4C806628827A81000B42B5 /* Release */,
			);
			defaultConfigurationIsVisible = 0;
			defaultConfigurationName = Release;
		};
/* End XCConfigurationList section */

/* Begin XCRemoteSwiftPackageReference section */
		7A4C80972882AE39000B42B5 /* XCRemoteSwiftPackageReference "ACarousel" */ = {
			isa = XCRemoteSwiftPackageReference;
			repositoryURL = "https://github.com/JWAutumn/ACarousel";
			requirement = {
				kind = upToNextMajorVersion;
				minimumVersion = 0.2.0;
			};
		};
		7A4C80AC2882FABA000B42B5 /* XCRemoteSwiftPackageReference "SwiftUI-Introspect" */ = {
			isa = XCRemoteSwiftPackageReference;
			repositoryURL = "https://github.com/siteline/SwiftUI-Introspect.git";
			requirement = {
				kind = upToNextMajorVersion;
				minimumVersion = 0.1.4;
			};
		};
		7A4C80B528831734000B42B5 /* XCRemoteSwiftPackageReference "WrappingHStack" */ = {
			isa = XCRemoteSwiftPackageReference;
			repositoryURL = "https://github.com/dkk/WrappingHStack";
			requirement = {
				kind = upToNextMajorVersion;
				minimumVersion = 2.0.0;
			};
		};
/* End XCRemoteSwiftPackageReference section */

/* Begin XCSwiftPackageProductDependency section */
		7A4C80982882AE39000B42B5 /* ACarousel */ = {
			isa = XCSwiftPackageProductDependency;
			package = 7A4C80972882AE39000B42B5 /* XCRemoteSwiftPackageReference "ACarousel" */;
			productName = ACarousel;
		};
		7A4C80AD2882FABA000B42B5 /* Introspect */ = {
			isa = XCSwiftPackageProductDependency;
			package = 7A4C80AC2882FABA000B42B5 /* XCRemoteSwiftPackageReference "SwiftUI-Introspect" */;
			productName = Introspect;
		};
		7A4C80B628831734000B42B5 /* WrappingHStack */ = {
			isa = XCSwiftPackageProductDependency;
			package = 7A4C80B528831734000B42B5 /* XCRemoteSwiftPackageReference "WrappingHStack" */;
			productName = WrappingHStack;
		};
/* End XCSwiftPackageProductDependency section */
	};
	rootObject = 7A4C804E28827A7F000B42B5 /* Project object */;
}
